
Microsoft Visual Studio Solution File, Format Version 12.00
# Visual Studio Version 16
VisualStudioVersion = 16.0.30717.126
MinimumVisualStudioVersion = 10.0.40219.1
Project("{9A19103F-16F7-4668-BE54-9A1E7A4F7556}") = "KampIntro", "KampIntro\KampIntro.csproj", "{0BF09C38-971D-4AAD-90B8-3F7D788F8B44}"
EndProject
Project("{9A19103F-16F7-4668-BE54-9A1E7A4F7556}") = "Donguler", "Donguler\Donguler.csproj", "{74D26C1E-1702-480B-9395-AE409CE5758B}"
EndProject
Project("{9A19103F-16F7-4668-BE54-9A1E7A4F7556}") = "ClassIntro", "ClassIntro\ClassIntro.csproj", "{C34F7B1C-B8DA-4C1E-9F3F-2A4A5133729A}"
EndProject
Project("{9A19103F-16F7-4668-BE54-9A1E7A4F7556}") = "odev", "odev\odev.csproj", "{CBE8F1E6-F836-4DF7-ADD4-670C18854240}"
EndProject
Project("{9A19103F-16F7-4668-BE54-9A1E7A4F7556}") = "Metotlar", "Metotlar\Metotlar.csproj", "{57E44472-7DF1-44C0-B2A8-A2B20121688B}"
EndProject
Project("{9A19103F-16F7-4668-BE54-9A1E7A4F7556}") = "Matematik", "Matematik\Matematik.csproj", "{FED736D1-7D10-49CC-8340-735A793C158B}"
EndProject
Project("{9A19103F-16F7-4668-BE54-9A1E7A4F7556}") = "DegerVeReferansTipler", "DegerVeReferansTipler\DegerVeReferansTipler.csproj", "{F169816E-647C-4561-8A52-3F0FBCF7991E}"
EndProject
Project("{9A19103F-16F7-4668-BE54-9A1E7A4F7556}") = "ClassMetotDemo", "ClassMetotDemo\ClassMetotDemo.csproj", "{BEA8C961-92F0-45E4-827A-203AB1DDD3F1}"
EndProject
Project("{9A19103F-16F7-4668-BE54-9A1E7A4F7556}") = "OOP1", "OOP1\OOP1.csproj", "{81B725DA-37F2-428A-B3FB-5E6FCE0E398D}"
EndProject
Project("{9A19103F-16F7-4668-BE54-9A1E7A4F7556}") = "Koleksiyonlar", "Koleksiyonlar\Koleksiyonlar.csproj", "{EA31C013-8804-459D-AFD3-8552D9B7A369}"
EndProject
Project("{9A19103F-16F7-4668-BE54-9A1E7A4F7556}") = "GenericsIntro", "GenericsIntro\GenericsIntro.csproj", "{61F24581-21FB-438A-A84D-6E3E481DE793}"
EndProject
Project("{9A19103F-16F7-4668-BE54-9A1E7A4F7556}") = "MyDictionary", "MyDictionary\MyDictionary.csproj", "{6DF66B4A-9CB7-4A93-BD12-3A24C812B1F5}"
EndProject
Project("{FAE04EC0-301F-11D3-BF4B-00C04F79EFBC}") = "Oop2", "Oop2\Oop2.csproj", "{7A04B983-1B4F-4294-BAE8-9C9025061118}"
EndProject
Project("{FAE04EC0-301F-11D3-BF4B-00C04F79EFBC}") = "Oop3", "Oop3\Oop3.csproj", "{991F4A3E-132D-4D55-AC1C-5DB01237996B}"
EndProject
Global
	GlobalSection(SolutionConfigurationPlatforms) = preSolution
		Debug|Any CPU = Debug|Any CPU
		Release|Any CPU = Release|Any CPU
	EndGlobalSection
	GlobalSection(ProjectConfigurationPlatforms) = postSolution
		{0BF09C38-971D-4AAD-90B8-3F7D788F8B44}.Debug|Any CPU.ActiveCfg = Debug|Any CPU
		{0BF09C38-971D-4AAD-90B8-3F7D788F8B44}.Debug|Any CPU.Build.0 = Debug|Any CPU
		{0BF09C38-971D-4AAD-90B8-3F7D788F8B44}.Release|Any CPU.ActiveCfg = Release|Any CPU
		{0BF09C38-971D-4AAD-90B8-3F7D788F8B44}.Release|Any CPU.Build.0 = Release|Any CPU
		{74D26C1E-1702-480B-9395-AE409CE5758B}.Debug|Any CPU.ActiveCfg = Debug|Any CPU
		{74D26C1E-1702-480B-9395-AE409CE5758B}.Debug|Any CPU.Build.0 = Debug|Any CPU
		{74D26C1E-1702-480B-9395-AE409CE5758B}.Release|Any CPU.ActiveCfg = Release|Any CPU
		{74D26C1E-1702-480B-9395-AE409CE5758B}.Release|Any CPU.Build.0 = Release|Any CPU
		{C34F7B1C-B8DA-4C1E-9F3F-2A4A5133729A}.Debug|Any CPU.ActiveCfg = Debug|Any CPU
		{C34F7B1C-B8DA-4C1E-9F3F-2A4A5133729A}.Debug|Any CPU.Build.0 = Debug|Any CPU
		{C34F7B1C-B8DA-4C1E-9F3F-2A4A5133729A}.Release|Any CPU.ActiveCfg = Release|Any CPU
		{C34F7B1C-B8DA-4C1E-9F3F-2A4A5133729A}.Release|Any CPU.Build.0 = Release|Any CPU
		{CBE8F1E6-F836-4DF7-ADD4-670C18854240}.Debug|Any CPU.ActiveCfg = Debug|Any CPU
		{CBE8F1E6-F836-4DF7-ADD4-670C18854240}.Debug|Any CPU.Build.0 = Debug|Any CPU
		{CBE8F1E6-F836-4DF7-ADD4-670C18854240}.Release|Any CPU.ActiveCfg = Release|Any CPU
		{CBE8F1E6-F836-4DF7-ADD4-670C18854240}.Release|Any CPU.Build.0 = Release|Any CPU
		{57E44472-7DF1-44C0-B2A8-A2B20121688B}.Debug|Any CPU.ActiveCfg = Debug|Any CPU
		{57E44472-7DF1-44C0-B2A8-A2B20121688B}.Debug|Any CPU.Build.0 = Debug|Any CPU
		{57E44472-7DF1-44C0-B2A8-A2B20121688B}.Release|Any CPU.ActiveCfg = Release|Any CPU
		{57E44472-7DF1-44C0-B2A8-A2B20121688B}.Release|Any CPU.Build.0 = Release|Any CPU
		{FED736D1-7D10-49CC-8340-735A793C158B}.Debug|Any CPU.ActiveCfg = Debug|Any CPU
		{FED736D1-7D10-49CC-8340-735A793C158B}.Debug|Any CPU.Build.0 = Debug|Any CPU
		{FED736D1-7D10-49CC-8340-735A793C158B}.Release|Any CPU.ActiveCfg = Release|Any CPU
		{FED736D1-7D10-49CC-8340-735A793C158B}.Release|Any CPU.Build.0 = Release|Any CPU
		{F169816E-647C-4561-8A52-3F0FBCF7991E}.Debug|Any CPU.ActiveCfg = Debug|Any CPU
		{F169816E-647C-4561-8A52-3F0FBCF7991E}.Debug|Any CPU.Build.0 = Debug|Any CPU
		{F169816E-647C-4561-8A52-3F0FBCF7991E}.Release|Any CPU.ActiveCfg = Release|Any CPU
		{F169816E-647C-4561-8A52-3F0FBCF7991E}.Release|Any CPU.Build.0 = Release|Any CPU
		{BEA8C961-92F0-45E4-827A-203AB1DDD3F1}.Debug|Any CPU.ActiveCfg = Debug|Any CPU
		{BEA8C961-92F0-45E4-827A-203AB1DDD3F1}.Debug|Any CPU.Build.0 = Debug|Any CPU
		{BEA8C961-92F0-45E4-827A-203AB1DDD3F1}.Release|Any CPU.ActiveCfg = Release|Any CPU
		{BEA8C961-92F0-45E4-827A-203AB1DDD3F1}.Release|Any CPU.Build.0 = Release|Any CPU
		{81B725DA-37F2-428A-B3FB-5E6FCE0E398D}.Debug|Any CPU.ActiveCfg = Debug|Any CPU
		{81B725DA-37F2-428A-B3FB-5E6FCE0E398D}.Debug|Any CPU.Build.0 = Debug|Any CPU
		{81B725DA-37F2-428A-B3FB-5E6FCE0E398D}.Release|Any CPU.ActiveCfg = Release|Any CPU
		{81B725DA-37F2-428A-B3FB-5E6FCE0E398D}.Release|Any CPU.Build.0 = Release|Any CPU
		{EA31C013-8804-459D-AFD3-8552D9B7A369}.Debug|Any CPU.ActiveCfg = Debug|Any CPU
		{EA31C013-8804-459D-AFD3-8552D9B7A369}.Debug|Any CPU.Build.0 = Debug|Any CPU
		{EA31C013-8804-459D-AFD3-8552D9B7A369}.Release|Any CPU.ActiveCfg = Release|Any CPU
		{EA31C013-8804-459D-AFD3-8552D9B7A369}.Release|Any CPU.Build.0 = Release|Any CPU
		{61F24581-21FB-438A-A84D-6E3E481DE793}.Debug|Any CPU.ActiveCfg = Debug|Any CPU
		{61F24581-21FB-438A-A84D-6E3E481DE793}.Debug|Any CPU.Build.0 = Debug|Any CPU
		{61F24581-21FB-438A-A84D-6E3E481DE793}.Release|Any CPU.ActiveCfg = Release|Any CPU
		{61F24581-21FB-438A-A84D-6E3E481DE793}.Release|Any CPU.Build.0 = Release|Any CPU
		{6DF66B4A-9CB7-4A93-BD12-3A24C812B1F5}.Debug|Any CPU.ActiveCfg = Debug|Any CPU
		{6DF66B4A-9CB7-4A93-BD12-3A24C812B1F5}.Debug|Any CPU.Build.0 = Debug|Any CPU
		{6DF66B4A-9CB7-4A93-BD12-3A24C812B1F5}.Release|Any CPU.ActiveCfg = Release|Any CPU
		{6DF66B4A-9CB7-4A93-BD12-3A24C812B1F5}.Release|Any CPU.Build.0 = Release|Any CPU
		{7A04B983-1B4F-4294-BAE8-9C9025061118}.Debug|Any CPU.ActiveCfg = Debug|Any CPU
		{7A04B983-1B4F-4294-BAE8-9C9025061118}.Debug|Any CPU.Build.0 = Debug|Any CPU
		{7A04B983-1B4F-4294-BAE8-9C9025061118}.Release|Any CPU.ActiveCfg = Release|Any CPU
		{7A04B983-1B4F-4294-BAE8-9C9025061118}.Release|Any CPU.Build.0 = Release|Any CPU
		{991F4A3E-132D-4D55-AC1C-5DB01237996B}.Debug|Any CPU.ActiveCfg = Debug|Any CPU
		{991F4A3E-132D-4D55-AC1C-5DB01237996B}.Debug|Any CPU.Build.0 = Debug|Any CPU
		{991F4A3E-132D-4D55-AC1C-5DB01237996B}.Release|Any CPU.ActiveCfg = Release|Any CPU
		{991F4A3E-132D-4D55-AC1C-5DB01237996B}.Release|Any CPU.Build.0 = Release|Any CPU
	EndGlobalSection
	GlobalSection(SolutionProperties) = preSolution
		HideSolutionNode = FALSE
	EndGlobalSection
	GlobalSection(ExtensibilityGlobals) = postSolution
		SolutionGuid = {DD942599-E29E-4CFF-9AD7-82E03F49C3CA}
	EndGlobalSection
EndGlobal
